
Microsoft Visual Studio Solution File, Format Version 12.00
# Visual Studio 2012
Project("{FAE04EC0-301F-11D3-BF4B-00C04F79EFBC}") = "MyCompany.CodeFirst", "MyCompany.CodeFirst\MyCompany.CodeFirst.csproj", "{791638F4-6631-4E82-8DBA-33A17FD045C0}"
EndProject
Project("{FAE04EC0-301F-11D3-BF4B-00C04F79EFBC}") = "MyCompanyCommandPrompt", "MyCompanyCommandPrompt\MyCompanyCommandPrompt.csproj", "{88762E95-49A3-4A75-9996-D546FCC81D41}"
EndProject
Global
	GlobalSection(SolutionConfigurationPlatforms) = preSolution
		Debug|Any CPU = Debug|Any CPU
		Release|Any CPU = Release|Any CPU
	EndGlobalSection
	GlobalSection(ProjectConfigurationPlatforms) = postSolution
		{791638F4-6631-4E82-8DBA-33A17FD045C0}.Debug|Any CPU.ActiveCfg = Debug|Any CPU
		{791638F4-6631-4E82-8DBA-33A17FD045C0}.Debug|Any CPU.Build.0 = Debug|Any CPU
		{791638F4-6631-4E82-8DBA-33A17FD045C0}.Release|Any CPU.ActiveCfg = Release|Any CPU
		{791638F4-6631-4E82-8DBA-33A17FD045C0}.Release|Any CPU.Build.0 = Release|Any CPU
		{88762E95-49A3-4A75-9996-D546FCC81D41}.Debug|Any CPU.ActiveCfg = Debug|Any CPU
		{88762E95-49A3-4A75-9996-D546FCC81D41}.Debug|Any CPU.Build.0 = Debug|Any CPU
		{88762E95-49A3-4A75-9996-D546FCC81D41}.Release|Any CPU.ActiveCfg = Release|Any CPU
		{88762E95-49A3-4A75-9996-D546FCC81D41}.Release|Any CPU.Build.0 = Release|Any CPU
	EndGlobalSection
	GlobalSection(SolutionProperties) = preSolution
		HideSolutionNode = FALSE
	EndGlobalSection
EndGlobal
