
Microsoft Visual Studio Solution File, Format Version 12.00
# Visual Studio 2012
Project("{FAE04EC0-301F-11D3-BF4B-00C04F79EFBC}") = "MyCompany.ModelFirst", "MyCompany.ModelFirst\MyCompany.ModelFirst.csproj", "{01DC07E1-FA2E-4F6E-99B5-5AF0D848ECED}"
EndProject
Project("{FAE04EC0-301F-11D3-BF4B-00C04F79EFBC}") = "MyCompany.NorthwindSystem", "MyCompany.NorthwindSystem\MyCompany.NorthwindSystem.csproj", "{389AC08E-A06F-427A-BE92-C6E1A5097F7C}"
EndProject
Global
	GlobalSection(SolutionConfigurationPlatforms) = preSolution
		Debug|Any CPU = Debug|Any CPU
		Release|Any CPU = Release|Any CPU
	EndGlobalSection
	GlobalSection(ProjectConfigurationPlatforms) = postSolution
		{01DC07E1-FA2E-4F6E-99B5-5AF0D848ECED}.Debug|Any CPU.ActiveCfg = Debug|Any CPU
		{01DC07E1-FA2E-4F6E-99B5-5AF0D848ECED}.Debug|Any CPU.Build.0 = Debug|Any CPU
		{01DC07E1-FA2E-4F6E-99B5-5AF0D848ECED}.Release|Any CPU.ActiveCfg = Release|Any CPU
		{01DC07E1-FA2E-4F6E-99B5-5AF0D848ECED}.Release|Any CPU.Build.0 = Release|Any CPU
		{389AC08E-A06F-427A-BE92-C6E1A5097F7C}.Debug|Any CPU.ActiveCfg = Debug|Any CPU
		{389AC08E-A06F-427A-BE92-C6E1A5097F7C}.Debug|Any CPU.Build.0 = Debug|Any CPU
		{389AC08E-A06F-427A-BE92-C6E1A5097F7C}.Release|Any CPU.ActiveCfg = Release|Any CPU
		{389AC08E-A06F-427A-BE92-C6E1A5097F7C}.Release|Any CPU.Build.0 = Release|Any CPU
	EndGlobalSection
	GlobalSection(SolutionProperties) = preSolution
		HideSolutionNode = FALSE
	EndGlobalSection
EndGlobal
